
Microsoft Visual Studio Solution File, Format Version 12.00
# Visual Studio 15
VisualStudioVersion = 15.0.28307.757
MinimumVisualStudioVersion = 10.0.40219.1
Project("{FAE04EC0-301F-11D3-BF4B-00C04F79EFBC}") = "LDAP_Auth", "LDAP_Auth\LDAP_Auth.csproj", "{A6915940-A1B9-4813-8CEF-748D58808DAD}"
EndProject
Global
	GlobalSection(SolutionConfigurationPlatforms) = preSolution
		Debug|Any CPU = Debug|Any CPU
		Release|Any CPU = Release|Any CPU
	EndGlobalSection
	GlobalSection(ProjectConfigurationPlatforms) = postSolution
		{A6915940-A1B9-4813-8CEF-748D58808DAD}.Debug|Any CPU.ActiveCfg = Debug|Any CPU
		{A6915940-A1B9-4813-8CEF-748D58808DAD}.Debug|Any CPU.Build.0 = Debug|Any CPU
		{A6915940-A1B9-4813-8CEF-748D58808DAD}.Release|Any CPU.ActiveCfg = Release|Any CPU
		{A6915940-A1B9-4813-8CEF-748D58808DAD}.Release|Any CPU.Build.0 = Release|Any CPU
	EndGlobalSection
	GlobalSection(SolutionProperties) = preSolution
		HideSolutionNode = FALSE
	EndGlobalSection
	GlobalSection(ExtensibilityGlobals) = postSolution
		SolutionGuid = {29584D3F-3D78-43AA-9AA8-CDCE424CAB7A}
	EndGlobalSection
EndGlobal
